
Microsoft Visual Studio Solution File, Format Version 12.00
# Visual Studio Version 17
VisualStudioVersion = 17.9.34723.18
MinimumVisualStudioVersion = 10.0.40219.1
Project("{FAE04EC0-301F-11D3-BF4B-00C04F79EFBC}") = "RedisSample", "RedisSample\RedisSample.csproj", "{6F82FC08-ECBA-48DA-95ED-100588A9EB56}"
EndProject
Global
	GlobalSection(SolutionConfigurationPlatforms) = preSolution
		Debug|Any CPU = Debug|Any CPU
		Release|Any CPU = Release|Any CPU
	EndGlobalSection
	GlobalSection(ProjectConfigurationPlatforms) = postSolution
		{6F82FC08-ECBA-48DA-95ED-100588A9EB56}.Debug|Any CPU.ActiveCfg = Debug|Any CPU
		{6F82FC08-ECBA-48DA-95ED-100588A9EB56}.Debug|Any CPU.Build.0 = Debug|Any CPU
		{6F82FC08-ECBA-48DA-95ED-100588A9EB56}.Release|Any CPU.ActiveCfg = Release|Any CPU
		{6F82FC08-ECBA-48DA-95ED-100588A9EB56}.Release|Any CPU.Build.0 = Release|Any CPU
	EndGlobalSection
	GlobalSection(SolutionProperties) = preSolution
		HideSolutionNode = FALSE
	EndGlobalSection
	GlobalSection(ExtensibilityGlobals) = postSolution
		SolutionGuid = {DCFF93FB-1340-496B-B1BD-A7733C4D3456}
	EndGlobalSection
EndGlobal
